lockfileVersion: '9.0'

importers:
  .:
    dependencies:
      tiny-pad:
        specifier: ^1.3.0
        version: 1.3.0
    devDependencies:
      some-test-tool:
        specifier: ^2.0.0
        version: 2.0.0(react@18.2.0)

packages:
  tiny-pad@1.3.0:
    resolution: { integrity: sha512-fake== }
  some-test-tool@2.0.0:
    resolution: { integrity: sha512-fake== }
