# This file is generated by running "yarn install" inside your project in
# a Yarn workspace. For more information, please see:
# https://yarnpkg.com/getting-started/qa#which-files-should-be-gitignored

__metadata:
  version: 8
  cacheKey: 10

"fixture-app@workspace:.":
  version: 0.0.0-use.local
  resolution: "fixture-app@workspace:."
  languageName: unknown
  linkType: soft

"tiny-pad@npm:^1.3.0":
  version: 1.3.0
  resolution: "tiny-pad@npm:1.3.0"
  checksum: 10c0/fake
  languageName: node
  linkType: hard
